
Microsoft Visual Studio Solution File, Format Version 12.00
# Visual Studio Version 17
VisualStudioVersion = 17.0.31903.59
MinimumVisualStudioVersion = 10.0.40219.1
Project("{FAE04EC0-301F-11D3-BF4B-00C04F79EFBC}") = "App.Desktop", "App.Desktop\App.Desktop.csproj", "{1CDA042B-F46E-44F5-866E-8A7732DA3DE9}"
EndProject
Project("{FAE04EC0-301F-11D3-BF4B-00C04F79EFBC}") = "App.Orchestrator", "App.Orchestrator\App.Orchestrator.csproj", "{A392FE84-4E3B-47D2-9DC8-8BDCF04091B7}"
EndProject
Project("{FAE04EC0-301F-11D3-BF4B-00C04F79EFBC}") = "App.Shared", "App.Shared\App.Shared.csproj", "{5D8D495F-261C-4543-9F0A-A82DC7906AA7}"
EndProject
Global
	GlobalSection(SolutionConfigurationPlatforms) = preSolution
		Debug|Any CPU = Debug|Any CPU
		Release|Any CPU = Release|Any CPU
	EndGlobalSection
	GlobalSection(SolutionProperties) = preSolution
		HideSolutionNode = FALSE
	EndGlobalSection
	GlobalSection(ProjectConfigurationPlatforms) = postSolution
		{1CDA042B-F46E-44F5-866E-8A7732DA3DE9}.Debug|Any CPU.ActiveCfg = Debug|Any CPU
		{1CDA042B-F46E-44F5-866E-8A7732DA3DE9}.Debug|Any CPU.Build.0 = Debug|Any CPU
		{1CDA042B-F46E-44F5-866E-8A7732DA3DE9}.Release|Any CPU.ActiveCfg = Release|Any CPU
		{1CDA042B-F46E-44F5-866E-8A7732DA3DE9}.Release|Any CPU.Build.0 = Release|Any CPU
		{A392FE84-4E3B-47D2-9DC8-8BDCF04091B7}.Debug|Any CPU.ActiveCfg = Debug|Any CPU
		{A392FE84-4E3B-47D2-9DC8-8BDCF04091B7}.Debug|Any CPU.Build.0 = Debug|Any CPU
		{A392FE84-4E3B-47D2-9DC8-8BDCF04091B7}.Release|Any CPU.ActiveCfg = Release|Any CPU
		{A392FE84-4E3B-47D2-9DC8-8BDCF04091B7}.Release|Any CPU.Build.0 = Release|Any CPU
		{5D8D495F-261C-4543-9F0A-A82DC7906AA7}.Debug|Any CPU.ActiveCfg = Debug|Any CPU
		{5D8D495F-261C-4543-9F0A-A82DC7906AA7}.Debug|Any CPU.Build.0 = Debug|Any CPU
		{5D8D495F-261C-4543-9F0A-A82DC7906AA7}.Release|Any CPU.ActiveCfg = Release|Any CPU
		{5D8D495F-261C-4543-9F0A-A82DC7906AA7}.Release|Any CPU.Build.0 = Release|Any CPU
	EndGlobalSection
EndGlobal
